{
  "nodes": {
    "dhe-groups": {
      "flake": false,
      "locked": {
        "lastModified": 1772814551,
        "narHash": "sha256-p2XoHa7StAPdSmvR/07kOQo+5t3EtE2SSPlPkAHujtc=",
        "owner": "internetstandards",
        "repo": "dhe_groups",
        "rev": "67925fd34156d223ac82f0a9719de9b8a33414d6",
        "type": "github"
      },
      "original": {
        "owner": "internetstandards",
        "repo": "dhe_groups",
        "type": "github"
      }
    },
    "flake-utils": {
      "inputs": {
        "systems": "systems"
      },
      "locked": {
        "lastModified": 1731533236,
        "narHash": "sha256-l0KFg5HjrsfsO/JpG+r7fRrqm12kzFHyUHqHCVpMMbI=",
        "owner": "numtide",
        "repo": "flake-utils",
        "rev": "11707dc2f618dd54ca8739b309ec4fc024de578b",
        "type": "github"
      },
      "original": {
        "owner": "numtide",
        "repo": "flake-utils",
        "type": "github"
      }
    },
    "nixpkgs": {
      "locked": {
        "lastModified": 1789546076,
        "narHash": "sha256-zVxLZiSnmaaPLwnhj7pwmqe3axBg/C6nG5JZsJMh2g4=",
        "owner": "NixOS",
        "repo": "nixpkgs",
        "rev": "b1b875982b17dabde9b4a37f3e229e74913e6db3",
        "type": "github"
      },
      "original": {
        "owner": "NixOS",
        "ref": "nixos-unstable",
        "repo": "nixpkgs",
        "type": "github"
      }
    },
    "root": {
      "inputs": {
        "dhe-groups": "dhe-groups",
        "flake-utils": "flake-utils",
        "nixpkgs": "nixpkgs",
        "testssl": "testssl",
        "tls-compliance-dataset": "tls-compliance-dataset",
        "tls-table": "tls-table"
      }
    },
    "systems": {
      "locked": {
        "lastModified": 1681028828,
        "narHash": "sha256-Vy1rq5AaRuLzOxct8nz4T6wlgyUR7zLU309k9mBC768=",
        "owner": "nix-systems",
        "repo": "default",
        "rev": "da67096a3b9bf56a91d16901293e51ba5b49a27e",
        "type": "github"
      },
      "original": {
        "owner": "nix-systems",
        "repo": "default",
        "type": "github"
      }
    },
    "testssl": {
      "flake": false,
      "locked": {
        "lastModified": 1789579144,
        "narHash": "sha256-BqgVwahQD6pNsxUV394Y67Me0/AOr1xwAQFPliX6NDc=",
        "owner": "testssl",
        "repo": "testssl.sh",
        "rev": "080a656f18b1e712186ad917a336ea27200065f6",
        "type": "github"
      },
      "original": {
        "owner": "testssl",
        "repo": "testssl.sh",
        "type": "github"
      }
    },
    "tls-compliance-dataset": {
      "flake": false,
      "locked": {
        "lastModified": 1787840543,
        "narHash": "sha256-h7GMH4nu9m7Z6VK6152GonEKNhZ/nJaDnpqAz72SdBo=",
        "owner": "stfbk",
        "repo": "tls-compliance-dataset",
        "rev": "754f2a810e030e1601c71edf6155cb19b6aaa8cb",
        "type": "github"
      },
      "original": {
        "owner": "stfbk",
        "ref": "ACN",
        "repo": "tls-compliance-dataset",
        "type": "github"
      }
    },
    "tls-table": {
      "flake": false,
      "locked": {
        "lastModified": 1782169810,
        "narHash": "sha256-alLHm9TJ6uOvzF9GeWQ1ZcKouDVXtO9tcEctMTo5Mg8=",
        "owner": "mozilla",
        "repo": "tls-table",
        "rev": "43572bb1c6859da115a5250e1e62eeb49434f6e8",
        "type": "github"
      },
      "original": {
        "owner": "mozilla",
        "repo": "tls-table",
        "type": "github"
      }
    }
  },
  "root": "root",
  "version": 7
}
